
Microsoft Visual Studio Solution File, Format Version 12.00
# Visual Studio Version 16
VisualStudioVersion = 16.0.32630.194
MinimumVisualStudioVersion = 10.0.40219.1
Project("{9A19103F-16F7-4668-BE54-9A1E7A4F7556}") = "RihalAssesment", "RihalAssesment.csproj", "{DB4C3E47-C92A-477E-8EB1-E13B69D0FFA7}"
EndProject
Global
	GlobalSection(SolutionConfigurationPlatforms) = preSolution
		Debug|Any CPU = Debug|Any CPU
		Release|Any CPU = Release|Any CPU
	EndGlobalSection
	GlobalSection(ProjectConfigurationPlatforms) = postSolution
		{DB4C3E47-C92A-477E-8EB1-E13B69D0FFA7}.Debug|Any CPU.ActiveCfg = Debug|Any CPU
		{DB4C3E47-C92A-477E-8EB1-E13B69D0FFA7}.Debug|Any CPU.Build.0 = Debug|Any CPU
		{DB4C3E47-C92A-477E-8EB1-E13B69D0FFA7}.Release|Any CPU.ActiveCfg = Release|Any CPU
		{DB4C3E47-C92A-477E-8EB1-E13B69D0FFA7}.Release|Any CPU.Build.0 = Release|Any CPU
	EndGlobalSection
	GlobalSection(SolutionProperties) = preSolution
		HideSolutionNode = FALSE
	EndGlobalSection
	GlobalSection(ExtensibilityGlobals) = postSolution
		SolutionGuid = {F3DAA683-38CC-4C08-A260-CD88A862E953}
	EndGlobalSection
EndGlobal
